{
  "lockfileVersion": 1,
  "workspaces": {
    "": {
      "name": "pixcall-tagger",
      "dependencies": {
        "@tauri-apps/api": "^2.5.0",
        "@tauri-apps/plugin-dialog": "~2",
        "@tauri-apps/plugin-fs": "~2",
        "@tauri-apps/plugin-http": "~2",
        "@tauri-apps/plugin-opener": "^2",
        "@tauri-apps/plugin-store": "~2",
        "@vicons/fluent": "^0.13.0",
        "naive-ui": "^2.41.0",
        "vue": "^3.5.13",
      },
      "devDependencies": {
        "@tauri-apps/cli": "^2",
        "@vitejs/plugin-vue": "^5.2.1",
        "typescript": "~5.6.2",
        "vite": "^6.0.3",
        "vue-tsc": "^2.1.10",
      },
    },
  },
  "packages": {
    "@babel/helper-string-parser": ["@babel/helper-string-parser@7.27.1", "", {}, ""],

    "@babel/helper-validator-identifier": ["@babel/helper-validator-identifier@7.27.1", "", {}, ""],

    "@babel/parser": ["@babel/parser@7.27.4", "", { "dependencies": { "@babel/types": "^7.27.3" }, "bin": { "parser": "bin/babel-parser.js" } }, ""],

    "@babel/types": ["@babel/types@7.27.3", "", { "dependencies": { "@babel/helper-string-parser": "^7.27.1", "@babel/helper-validator-identifier": "^7.27.1" } }, ""],

    "@css-render/plugin-bem": ["@css-render/plugin-bem@0.15.14", "", { "peerDependencies": { "css-render": "~0.15.14" } }, ""],

    "@css-render/vue3-ssr": ["@css-render/vue3-ssr@0.15.14", "", { "peerDependencies": { "vue": "^3.0.11" } }, ""],

    "@emotion/hash": ["@emotion/hash@0.8.0", "", {}, ""],

    "@esbuild/win32-x64": ["@esbuild/win32-x64@0.25.5", "", { "os": "win32", "cpu": "x64" }, ""],

    "@jridgewell/sourcemap-codec": ["@jridgewell/sourcemap-codec@1.5.0", "", {}, ""],

    "@juggle/resize-observer": ["@juggle/resize-observer@3.4.0", "", {}, ""],

    "@rollup/rollup-win32-x64-msvc": ["@rollup/rollup-win32-x64-msvc@4.41.1", "", { "os": "win32", "cpu": "x64" }, ""],

    "@tauri-apps/api": ["@tauri-apps/api@2.5.0", "", {}, "sha512-Ldux4ip+HGAcPUmuLT8EIkk6yafl5vK0P0c0byzAKzxJh7vxelVtdPONjfgTm96PbN24yjZNESY8CKo8qniluA=="],

    "@tauri-apps/cli": ["@tauri-apps/cli@2.5.0", "", { "optionalDependencies": { "@tauri-apps/cli-win32-x64-msvc": "2.5.0" }, "bin": { "tauri": "tauri.js" } }, ""],

    "@tauri-apps/cli-win32-x64-msvc": ["@tauri-apps/cli-win32-x64-msvc@2.5.0", "", { "os": "win32", "cpu": "x64" }, ""],

    "@tauri-apps/plugin-dialog": ["@tauri-apps/plugin-dialog@2.3.0", "", { "dependencies": { "@tauri-apps/api": "^2.6.0" } }, "sha512-ylSBvYYShpGlKKh732ZuaHyJ5Ie1JR71QCXewCtsRLqGdc8Is4xWdz6t43rzXyvkItM9syNPMvFVcvjgEy+/GA=="],

    "@tauri-apps/plugin-fs": ["@tauri-apps/plugin-fs@2.4.0", "", { "dependencies": { "@tauri-apps/api": "^2.6.0" } }, "sha512-Sp8AdDcbyXyk6LD6Pmdx44SH3LPeNAvxR2TFfq/8CwqzfO1yOyV+RzT8fov0NNN7d9nvW7O7MtMAptJ42YXA5g=="],

    "@tauri-apps/plugin-http": ["@tauri-apps/plugin-http@2.5.0", "", { "dependencies": { "@tauri-apps/api": "^2.6.0" } }, "sha512-l4M2DUIsOBIMrbj4dJZwrB4mJiB7OA/2Tj3gEbX2fjq5MOpETklJPKfDvzUTDwuq4lIKCKKykz8E8tpOgvi0EQ=="],

    "@tauri-apps/plugin-opener": ["@tauri-apps/plugin-opener@2.2.7", "", { "dependencies": { "@tauri-apps/api": "^2.0.0" } }, ""],

    "@tauri-apps/plugin-store": ["@tauri-apps/plugin-store@2.3.0", "", { "dependencies": { "@tauri-apps/api": "^2.6.0" } }, "sha512-mre8er0nXPhyEWQzWCpUd+UnEoBQYcoA5JYlwpwOV9wcxKqlXTGfminpKsE37ic8NUb2BIZqf0QQ9/U3ib2+/A=="],

    "@types/estree": ["@types/estree@1.0.7", "", {}, ""],

    "@types/katex": ["@types/katex@0.16.7", "", {}, ""],

    "@types/lodash": ["@types/lodash@4.17.17", "", {}, ""],

    "@types/lodash-es": ["@types/lodash-es@4.17.12", "", { "dependencies": { "@types/lodash": "*" } }, ""],

    "@vicons/fluent": ["@vicons/fluent@0.13.0", "", {}, "sha512-bYGZsOE3qzvm3Cm43e7tybgGlr5ZUpYqtRZq0g0Tfupe8jIzLolpvQLNUt1zS8Mgt6goTbUk5YH7Fkv16jkykg=="],

    "@vitejs/plugin-vue": ["@vitejs/plugin-vue@5.2.4", "", { "peerDependencies": { "vite": "^5.0.0 || ^6.0.0", "vue": "^3.2.25" } }, ""],

    "@volar/language-core": ["@volar/language-core@2.4.14", "", { "dependencies": { "@volar/source-map": "2.4.14" } }, ""],

    "@volar/source-map": ["@volar/source-map@2.4.14", "", {}, ""],

    "@volar/typescript": ["@volar/typescript@2.4.14", "", { "dependencies": { "@volar/language-core": "2.4.14", "path-browserify": "^1.0.1", "vscode-uri": "^3.0.8" } }, ""],

    "@vue/compiler-core": ["@vue/compiler-core@3.5.16", "", { "dependencies": { "@babel/parser": "^7.27.2", "@vue/shared": "3.5.16", "entities": "^4.5.0", "estree-walker": "^2.0.2", "source-map-js": "^1.2.1" } }, ""],

    "@vue/compiler-dom": ["@vue/compiler-dom@3.5.16", "", { "dependencies": { "@vue/compiler-core": "3.5.16", "@vue/shared": "3.5.16" } }, ""],

    "@vue/compiler-sfc": ["@vue/compiler-sfc@3.5.16", "", { "dependencies": { "@babel/parser": "^7.27.2", "@vue/compiler-core": "3.5.16", "@vue/compiler-dom": "3.5.16", "@vue/compiler-ssr": "3.5.16", "@vue/shared": "3.5.16", "estree-walker": "^2.0.2", "magic-string": "^0.30.17", "postcss": "^8.5.3", "source-map-js": "^1.2.1" } }, ""],

    "@vue/compiler-ssr": ["@vue/compiler-ssr@3.5.16", "", { "dependencies": { "@vue/compiler-dom": "3.5.16", "@vue/shared": "3.5.16" } }, ""],

    "@vue/compiler-vue2": ["@vue/compiler-vue2@2.7.16", "", { "dependencies": { "de-indent": "^1.0.2", "he": "^1.2.0" } }, ""],

    "@vue/language-core": ["@vue/language-core@2.2.10", "", { "dependencies": { "@volar/language-core": "~2.4.11", "@vue/compiler-dom": "^3.5.0", "@vue/compiler-vue2": "^2.7.16", "@vue/shared": "^3.5.0", "alien-signals": "^1.0.3", "minimatch": "^9.0.3", "muggle-string": "^0.4.1", "path-browserify": "^1.0.1" }, "peerDependencies": { "typescript": "*" } }, ""],

    "@vue/reactivity": ["@vue/reactivity@3.5.16", "", { "dependencies": { "@vue/shared": "3.5.16" } }, ""],

    "@vue/runtime-core": ["@vue/runtime-core@3.5.16", "", { "dependencies": { "@vue/reactivity": "3.5.16", "@vue/shared": "3.5.16" } }, ""],

    "@vue/runtime-dom": ["@vue/runtime-dom@3.5.16", "", { "dependencies": { "@vue/reactivity": "3.5.16", "@vue/runtime-core": "3.5.16", "@vue/shared": "3.5.16", "csstype": "^3.1.3" } }, ""],

    "@vue/server-renderer": ["@vue/server-renderer@3.5.16", "", { "dependencies": { "@vue/compiler-ssr": "3.5.16", "@vue/shared": "3.5.16" }, "peerDependencies": { "vue": "3.5.16" } }, ""],

    "@vue/shared": ["@vue/shared@3.5.16", "", {}, ""],

    "alien-signals": ["alien-signals@1.0.13", "", {}, ""],

    "async-validator": ["async-validator@4.2.5", "", {}, ""],

    "balanced-match": ["balanced-match@1.0.2", "", {}, ""],

    "brace-expansion": ["brace-expansion@2.0.1", "", { "dependencies": { "balanced-match": "^1.0.0" } }, ""],

    "css-render": ["css-render@0.15.14", "", { "dependencies": { "@emotion/hash": "~0.8.0", "csstype": "~3.0.5" } }, ""],

    "csstype": ["csstype@3.1.3", "", {}, ""],

    "date-fns": ["date-fns@3.6.0", "", {}, ""],

    "date-fns-tz": ["date-fns-tz@3.2.0", "", { "peerDependencies": { "date-fns": "^3.0.0 || ^4.0.0" } }, ""],

    "de-indent": ["de-indent@1.0.2", "", {}, ""],

    "entities": ["entities@4.5.0", "", {}, ""],

    "esbuild": ["esbuild@0.25.5", "", { "optionalDependencies": { "@esbuild/win32-x64": "0.25.5" }, "bin": "bin/esbuild" }, ""],

    "estree-walker": ["estree-walker@2.0.2", "", {}, ""],

    "evtd": ["evtd@0.2.4", "", {}, ""],

    "fdir": ["fdir@6.4.5", "", { "peerDependencies": { "picomatch": "^3 || ^4" } }, ""],

    "he": ["he@1.2.0", "", { "bin": "bin/he" }, ""],

    "highlight.js": ["highlight.js@11.11.1", "", {}, ""],

    "lodash": ["lodash@4.17.21", "", {}, ""],

    "lodash-es": ["lodash-es@4.17.21", "", {}, ""],

    "magic-string": ["magic-string@0.30.17", "", { "dependencies": { "@jridgewell/sourcemap-codec": "^1.5.0" } }, ""],

    "minimatch": ["minimatch@9.0.5", "", { "dependencies": { "brace-expansion": "^2.0.1" } }, ""],

    "muggle-string": ["muggle-string@0.4.1", "", {}, ""],

    "naive-ui": ["naive-ui@2.41.0", "", { "dependencies": { "@css-render/plugin-bem": "^0.15.14", "@css-render/vue3-ssr": "^0.15.14", "@types/katex": "^0.16.2", "@types/lodash": "^4.14.198", "@types/lodash-es": "^4.17.9", "async-validator": "^4.2.5", "css-render": "^0.15.14", "csstype": "^3.1.3", "date-fns": "^3.6.0", "date-fns-tz": "^3.1.3", "evtd": "^0.2.4", "highlight.js": "^11.8.0", "lodash": "^4.17.21", "lodash-es": "^4.17.21", "seemly": "^0.3.8", "treemate": "^0.3.11", "vdirs": "^0.1.8", "vooks": "^0.2.12", "vueuc": "^0.4.63" }, "peerDependencies": { "vue": "^3.0.0" } }, ""],

    "nanoid": ["nanoid@3.3.11", "", { "bin": "bin/nanoid.cjs" }, ""],

    "path-browserify": ["path-browserify@1.0.1", "", {}, ""],

    "picocolors": ["picocolors@1.1.1", "", {}, ""],

    "picomatch": ["picomatch@4.0.2", "", {}, ""],

    "postcss": ["postcss@8.5.4", "", { "dependencies": { "nanoid": "^3.3.11", "picocolors": "^1.1.1", "source-map-js": "^1.2.1" } }, ""],

    "rollup": ["rollup@4.41.1", "", { "dependencies": { "@types/estree": "1.0.7" }, "optionalDependencies": { "@rollup/rollup-win32-x64-msvc": "4.41.1" }, "bin": "dist/bin/rollup" }, ""],

    "seemly": ["seemly@0.3.10", "", {}, ""],

    "source-map-js": ["source-map-js@1.2.1", "", {}, ""],

    "tinyglobby": ["tinyglobby@0.2.14", "", { "dependencies": { "fdir": "^6.4.4", "picomatch": "^4.0.2" } }, ""],

    "treemate": ["treemate@0.3.11", "", {}, ""],

    "typescript": ["typescript@5.6.3", "", { "bin": { "tsc": "bin/tsc", "tsserver": "bin/tsserver" } }, ""],

    "vdirs": ["vdirs@0.1.8", "", { "dependencies": { "evtd": "^0.2.2" }, "peerDependencies": { "vue": "^3.0.11" } }, ""],

    "vite": ["vite@6.3.5", "", { "dependencies": { "esbuild": "^0.25.0", "fdir": "^6.4.4", "picomatch": "^4.0.2", "postcss": "^8.5.3", "rollup": "^4.34.9", "tinyglobby": "^0.2.13" }, "peerDependencies": { "@types/node": "^18.0.0 || ^20.0.0 || >=22.0.0", "jiti": ">=1.21.0", "less": "*", "lightningcss": "^1.21.0", "sass": "*", "sass-embedded": "*", "stylus": "*", "sugarss": "*", "terser": "^5.16.0", "tsx": "^4.8.1", "yaml": "^2.4.2" }, "optionalPeers": ["@types/node", "jiti", "less", "lightningcss", "sass", "sass-embedded", "stylus", "sugarss", "terser", "tsx", "yaml"], "bin": "bin/vite.js" }, ""],

    "vooks": ["vooks@0.2.12", "", { "dependencies": { "evtd": "^0.2.2" }, "peerDependencies": { "vue": "^3.0.0" } }, ""],

    "vscode-uri": ["vscode-uri@3.1.0", "", {}, ""],

    "vue": ["vue@3.5.16", "", { "dependencies": { "@vue/compiler-dom": "3.5.16", "@vue/compiler-sfc": "3.5.16", "@vue/runtime-dom": "3.5.16", "@vue/server-renderer": "3.5.16", "@vue/shared": "3.5.16" }, "peerDependencies": { "typescript": "*" } }, ""],

    "vue-tsc": ["vue-tsc@2.2.10", "", { "dependencies": { "@volar/typescript": "~2.4.11", "@vue/language-core": "2.2.10" }, "peerDependencies": { "typescript": ">=5.0.0" }, "bin": "bin/vue-tsc.js" }, ""],

    "vueuc": ["vueuc@0.4.64", "", { "dependencies": { "@css-render/vue3-ssr": "^0.15.10", "@juggle/resize-observer": "^3.3.1", "css-render": "^0.15.10", "evtd": "^0.2.4", "seemly": "^0.3.6", "vdirs": "^0.1.4", "vooks": "^0.2.4" }, "peerDependencies": { "vue": "^3.0.11" } }, ""],

    "@tauri-apps/plugin-dialog/@tauri-apps/api": ["@tauri-apps/api@2.6.0", "", {}, "sha512-hRNcdercfgpzgFrMXWwNDBN0B7vNzOzRepy6ZAmhxi5mDLVPNrTpo9MGg2tN/F7JRugj4d2aF7E1rtPXAHaetg=="],

    "@tauri-apps/plugin-fs/@tauri-apps/api": ["@tauri-apps/api@2.6.0", "", {}, "sha512-hRNcdercfgpzgFrMXWwNDBN0B7vNzOzRepy6ZAmhxi5mDLVPNrTpo9MGg2tN/F7JRugj4d2aF7E1rtPXAHaetg=="],

    "@tauri-apps/plugin-http/@tauri-apps/api": ["@tauri-apps/api@2.6.0", "", {}, "sha512-hRNcdercfgpzgFrMXWwNDBN0B7vNzOzRepy6ZAmhxi5mDLVPNrTpo9MGg2tN/F7JRugj4d2aF7E1rtPXAHaetg=="],

    "@tauri-apps/plugin-store/@tauri-apps/api": ["@tauri-apps/api@2.6.0", "", {}, "sha512-hRNcdercfgpzgFrMXWwNDBN0B7vNzOzRepy6ZAmhxi5mDLVPNrTpo9MGg2tN/F7JRugj4d2aF7E1rtPXAHaetg=="],

    "css-render/csstype": ["csstype@3.0.11", "", {}, ""],
  }
}
